[images.caddy]
repository = "docker.io/library/caddy"
version = "2.11.4-alpine"
platform = "linux/amd64"
digest = "sha256:98eb57d882ccd5213d1688764db10c1ca2c58a1ca3a6717a3411ad798f7a423a"

[images.distroless-base]
repository = "gcr.io/distroless/base-debian12"
version = "nonroot"
platform = "linux/amd64"
digest = "sha256:5883c320d81f76c764e114c9ab14054f037bb040907816fc9028d80d9602a7c3"

[images.go-builder]
repository = "docker.io/library/golang"
version = "1.26.0-bookworm"
platform = "linux/amd64"
digest = "sha256:4f7e5f23bfacf4c2934ba70c132532742b6a53f01a4209e2c2eb7bd06c16f0bc"

[images.hysteria]
repository = "docker.io/tobyxdd/hysteria"
version = "v2.12.2"
platform = "linux/amd64"
digest = "sha256:3f53f99ca80ddbc96010ba4cd98d385c72247aa36890f77f864ae4bf09e444fd"

[images.python-base]
repository = "docker.io/library/python"
version = "3.12.11-slim-bookworm"
platform = "linux/amd64"
digest = "sha256:c00fc7b44d844b6da22861ec24af43968a5200eac4ec607b4725d585165d6b49"

[images.xray-upstream]
repository = "ghcr.io/xtls/xray-core"
version = "26.3.27"
platform = "linux/amd64"
digest = "sha256:4198aa816f04eeacde6470f4f07947eb4f701a1bba3657e366636681eaae5855"
